
Microsoft Visual Studio Solution File, Format Version 12.00
# Visual Studio Version 17
VisualStudioVersion = 17.4.33122.133
MinimumVisualStudioVersion = 10.0.40219.1
Project("{FAE04EC0-301F-11D3-BF4B-00C04F79EFBC}") = "MSURandomizer", "MSURandomizer\MSURandomizer.csproj", "{6B5B4F61-B8B9-4FB2-8040-5F431683574F}"
EndProject
Project("{FAE04EC0-301F-11D3-BF4B-00C04F79EFBC}") = "MSURandomizerLibrary", "MSURandomizerLibrary\MSURandomizerLibrary.csproj", "{BC1C945A-AD2D-4DEF-9730-E715F68FACBD}"
EndProject
Global
	GlobalSection(SolutionConfigurationPlatforms) = preSolution
		Debug|Any CPU = Debug|Any CPU
		Release|Any CPU = Release|Any CPU
	EndGlobalSection
	GlobalSection(ProjectConfigurationPlatforms) = postSolution
		{6B5B4F61-B8B9-4FB2-8040-5F431683574F}.Debug|Any CPU.ActiveCfg = Debug|Any CPU
		{6B5B4F61-B8B9-4FB2-8040-5F431683574F}.Debug|Any CPU.Build.0 = Debug|Any CPU
		{6B5B4F61-B8B9-4FB2-8040-5F431683574F}.Release|Any CPU.ActiveCfg = Release|Any CPU
		{6B5B4F61-B8B9-4FB2-8040-5F431683574F}.Release|Any CPU.Build.0 = Release|Any CPU
		{BC1C945A-AD2D-4DEF-9730-E715F68FACBD}.Debug|Any CPU.ActiveCfg = Debug|Any CPU
		{BC1C945A-AD2D-4DEF-9730-E715F68FACBD}.Debug|Any CPU.Build.0 = Debug|Any CPU
		{BC1C945A-AD2D-4DEF-9730-E715F68FACBD}.Release|Any CPU.ActiveCfg = Release|Any CPU
		{BC1C945A-AD2D-4DEF-9730-E715F68FACBD}.Release|Any CPU.Build.0 = Release|Any CPU
	EndGlobalSection
	GlobalSection(SolutionProperties) = preSolution
		HideSolutionNode = FALSE
	EndGlobalSection
	GlobalSection(ExtensibilityGlobals) = postSolution
		SolutionGuid = {456D4F3C-8FF9-413C-9905-6DF5CC77D132}
	EndGlobalSection
EndGlobal
